{
  "name": "arrow-ternary-bug-repro",
  "version": "1.0.0",
  "lockfileVersion": 3,
  "requires": true,
  "packages": {
    "": {
      "name": "arrow-ternary-bug-repro",
      "version": "1.0.0",
      "dependencies": {
        "@jsep-plugin/arrow": "^1.0.6",
        "@jsep-plugin/assignment": "^1.3.0",
        "jsep": "^1.4.0"
      }
    },
    "node_modules/@jsep-plugin/arrow": {
      "version": "1.0.6",
      "resolved": "https://registry.npmjs.org/@jsep-plugin/arrow/-/arrow-1.0.6.tgz",
      "integrity": "sha512-1j4+vgU7Nfp9+YNU4YyuCsYvuEunlhipI5+5eYqM6w6W3+U/lCa7HONUvE83P2uTHEX9ajfdFWNUPFR2A4AG2w==",
      "license": "MIT",
      "engines": {
        "node": ">= 10.16.0"
      },
      "peerDependencies": {
        "jsep": "^0.4.0||^1.0.0"
      }
    },
    "node_modules/@jsep-plugin/assignment": {
      "version": "1.3.0",
      "resolved": "https://registry.npmjs.org/@jsep-plugin/assignment/-/assignment-1.3.0.tgz",
      "integrity": "sha512-VVgV+CXrhbMI3aSusQyclHkenWSAm95WaiKrMxRFam3JSUiIaQjoMIw2sEs/OX4XifnqeQUN4DYbJjlA8EfktQ==",
      "license": "MIT",
      "engines": {
        "node": ">= 10.16.0"
      },
      "peerDependencies": {
        "jsep": "^0.4.0||^1.0.0"
      }
    },
    "node_modules/jsep": {
      "version": "1.4.0",
      "resolved": "https://registry.npmjs.org/jsep/-/jsep-1.4.0.tgz",
      "integrity": "sha512-B7qPcEVE3NVkmSJbaYxvv4cHkVW7DQsZz13pUMrfS8z8Q/BuShN+gcTXrUlPiGqM2/t/EEaI030bpxMqY8gMlw==",
      "license": "MIT",
      "engines": {
        "node": ">= 10.16.0"
      }
    }
  }
}
